
Microsoft Visual Studio Solution File, Format Version 12.00
# Visual Studio Version 17
VisualStudioVersion = 17.14.36616.10 d17.14
MinimumVisualStudioVersion = 10.0.40219.1
Project("{8BC9CEB8-8B4A-11D0-8D11-00A0C91BC942}") = "TaejunJinuLesGo", "TaejunJinuLesGo\TaejunJinuLesGo.vcxproj", "{55BD3340-9A27-4021-8AB7-44EF21210624}"
EndProject
Global
	GlobalSection(SolutionConfigurationPlatforms) = preSolution
		Debug|x64 = Debug|x64
		Debug|x86 = Debug|x86
		Release|x64 = Release|x64
		Release|x86 = Release|x86
	EndGlobalSection
	GlobalSection(ProjectConfigurationPlatforms) = postSolution
		{55BD3340-9A27-4021-8AB7-44EF21210624}.Debug|x64.ActiveCfg = Debug|x64
		{55BD3340-9A27-4021-8AB7-44EF21210624}.Debug|x64.Build.0 = Debug|x64
		{55BD3340-9A27-4021-8AB7-44EF21210624}.Debug|x86.ActiveCfg = Debug|Win32
		{55BD3340-9A27-4021-8AB7-44EF21210624}.Debug|x86.Build.0 = Debug|Win32
		{55BD3340-9A27-4021-8AB7-44EF21210624}.Release|x64.ActiveCfg = Release|x64
		{55BD3340-9A27-4021-8AB7-44EF21210624}.Release|x64.Build.0 = Release|x64
		{55BD3340-9A27-4021-8AB7-44EF21210624}.Release|x86.ActiveCfg = Release|Win32
		{55BD3340-9A27-4021-8AB7-44EF21210624}.Release|x86.Build.0 = Release|Win32
	EndGlobalSection
	GlobalSection(SolutionProperties) = preSolution
		HideSolutionNode = FALSE
	EndGlobalSection
	GlobalSection(ExtensibilityGlobals) = postSolution
		SolutionGuid = {8AFDB6CD-43E9-442E-A894-C28CD20EB56E}
	EndGlobalSection
EndGlobal
